PODS:
  - SDWebImage (5.4.2):
    - SDWebImage/Core (= 5.4.2)
  - SDWebImage/Core (5.4.2)

DEPENDENCIES:
  - SDWebImage (~> 5.0)

SPEC REPOS:
  trunk:
    - SDWebImage

SPEC CHECKSUMS:
  SDWebImage: 4ca2dc4eefae4224bea8f504251cda485a363745

PODFILE CHECKSUM: 42ce28ad3cd2213a76cd0ab33a3c71dc4d9814ec

COCOAPODS: 1.8.4
